<Solution>
  <Project Path="Punto1/Punto1.csproj" Id="24a9e0a2-7641-43a8-8546-3ffa25e59729" />
  <Project Path="Punto2/Punto2.csproj" Id="f8feae27-aa64-401c-a377-6d9d5cb4c925" />
  <Project Path="Punto3/Punto3.csproj" Id="fab6287b-21eb-4366-82f8-385de2726eaa" />
  <Project Path="Punto4/Punto4.csproj" Id="ee846bfe-1c5f-4242-b51b-e19f3aec9bf9" />
</Solution>
