<Solution>
  <Project Path="Punto10/Punto10.csproj" Id="d07e43d6-6ca5-40bb-8029-65e5fb16e7c1" />
  <Project Path="Punto7/Punto7.csproj" Id="3286c24d-6975-4910-86fc-2f2aa1b7fd8c" />
  <Project Path="Punto8/Punto8.csproj" Id="1657a114-85d1-4f40-aba0-d56edc99c0c6" />
  <Project Path="Punto9/Punto9.csproj" Id="1ff64ed7-365d-440d-97d0-a88bcd463313" />
</Solution>
