<Solution>
  <Project Path="Punto1/Punto1.csproj" Id="d623948a-ad79-491c-ab83-7ac69e1c5e0d" />
  <Project Path="Punto2/Punto2.csproj" Id="2616d909-7ae5-47ae-af59-6d5b8e87a24d" />
  <Project Path="Punto3/Punto3.csproj" Id="d6ad69df-3988-407b-a9e4-e4cc557fef8b" />
  <Project Path="Punto4/Punto4.csproj" Id="62bec58d-64cb-4729-b37d-dea165436cbf" />
</Solution>
