<Solution>
  <Project Path="Punto10/Punto10.csproj" Id="0cbb4038-4453-4e2c-8aee-99a46c03fd19" />
  <Project Path="Punto6/Punto6.csproj" Id="397e36fa-1768-490a-aeeb-3e2a055c9183" />
  <Project Path="Punto7/Punto7.csproj" Id="08c82303-6ebe-4d96-9a95-3e77f6884741" />
  <Project Path="Punto8/Punto8.csproj" Id="b9f4832d-9c0d-48ab-8ea2-c338db13a4f7" />
  <Project Path="Punto9/Punto9.csproj" Id="3fe57e04-acc8-4e13-8002-81c8c9494b12" />
</Solution>
