<Solution>
  <Project Path="Punto1/Punto1.csproj" Id="3dbd0470-be6b-4f54-ab6d-44f28d6c804b" />
  <Project Path="Punto2/Punto2.csproj" Id="56d205b6-e6b9-4b55-8a87-7754964a06db" />
  <Project Path="Punto3/Punto3.csproj" Id="455d60c8-09d5-4bd6-bcb4-bc070333e47f" />
  <Project Path="Punto4/Punto4.csproj" Id="7269d88c-aa2a-44b4-b1be-2f39a2113f23" />
</Solution>
