<Solution>
  <Project Path="Punto1/Punto1.csproj" Id="a99fdce3-ed03-4bb1-9a49-1e0b932f893e" />
  <Project Path="Punto2/Punto2.csproj" Id="a748a93f-adbf-4267-b59f-884b48ff0dee" />
  <Project Path="Punto3/Punto3.csproj" Id="0dd0a3aa-9f7e-494f-96ff-01030acefe93" />
  <Project Path="Punto4/Punto4.csproj" Id="73b67bb3-124f-4dc5-9d58-658cd60b4e98" />
  <Project Path="Punto5/Punto5.csproj" Id="f22032fb-7c47-47be-8339-82b18786d4da" />
</Solution>
