<Solution>
  <Project Path="Punto 1/Punto 1.csproj" Id="7080d19a-236b-4d13-bc76-33d328cbc0f5" />
  <Project Path="Punto 2/Punto 2.csproj" Id="373ac4f2-8e2b-46fe-bb1a-c47146105567" />
  <Project Path="Punto 3/Punto 3.csproj" Id="9270bdd5-4b8f-41c9-8fba-332539c9eef8" />
  <Project Path="Punto 4/Punto 4.csproj" Id="f3b95fd0-4e33-4962-8559-eb4f0bf03cdf" />
  <Project Path="Punto 5/Punto 5.csproj" Id="7fc9f1d0-8951-45e5-96f0-ace1eeda1a31" />
  <Project Path="Punto 6/Punto 6.csproj" Id="438d1f42-8c25-4e7d-adcb-4fc0ca7cf8ad" />
</Solution>
