<Solution>
  <Project Path="Punto 1/Punto 1.csproj" Id="f39b7cf9-6745-4333-b01f-eaf2c50f33a8" />
  <Project Path="Punto 2/Punto 2.csproj" Id="6336bcd7-101e-4bf3-ab83-4e20e4554642" />
  <Project Path="Punto 3/Punto 3.csproj" Id="873e8d8f-b2f5-4fca-889d-9003a733de13" />
  <Project Path="Punto 4/Punto 4.csproj" Id="d3185113-3d14-426a-b81c-78c5d3e9cacf" />
</Solution>
